
Microsoft Visual Studio Solution File, Format Version 12.00
# Visual Studio 2013
VisualStudioVersion = 12.0.31101.0
MinimumVisualStudioVersion = 10.0.40219.1
Project("{FAE04EC0-301F-11D3-BF4B-00C04F79EFBC}") = "Cares.Fids.Monitor.Models", "Cares.Fids.Monitor.Models\Cares.Fids.Monitor.Models.csproj", "{936874D1-AB8D-4EED-9A4D-30E978676CAC}"
EndProject
Project("{FAE04EC0-301F-11D3-BF4B-00C04F79EFBC}") = "MonitorClient", "MonitorClient\MonitorClient.csproj", "{AFE07C83-4748-4E7C-B801-24C8BA41B6DF}"
EndProject
Project("{FAE04EC0-301F-11D3-BF4B-00C04F79EFBC}") = "MonitorServerConsole", "MonitorServerConsole\MonitorServerConsole.csproj", "{6948114F-EB7C-43D5-88F2-28EE8CE9430D}"
EndProject
Global
	GlobalSection(SolutionConfigurationPlatforms) = preSolution
		Debug|Any CPU = Debug|Any CPU
		Release|Any CPU = Release|Any CPU
	EndGlobalSection
	GlobalSection(ProjectConfigurationPlatforms) = postSolution
		{936874D1-AB8D-4EED-9A4D-30E978676CAC}.Debug|Any CPU.ActiveCfg = Debug|Any CPU
		{936874D1-AB8D-4EED-9A4D-30E978676CAC}.Debug|Any CPU.Build.0 = Debug|Any CPU
		{936874D1-AB8D-4EED-9A4D-30E978676CAC}.Release|Any CPU.ActiveCfg = Release|Any CPU
		{936874D1-AB8D-4EED-9A4D-30E978676CAC}.Release|Any CPU.Build.0 = Release|Any CPU
		{AFE07C83-4748-4E7C-B801-24C8BA41B6DF}.Debug|Any CPU.ActiveCfg = Debug|Any CPU
		{AFE07C83-4748-4E7C-B801-24C8BA41B6DF}.Debug|Any CPU.Build.0 = Debug|Any CPU
		{AFE07C83-4748-4E7C-B801-24C8BA41B6DF}.Release|Any CPU.ActiveCfg = Release|Any CPU
		{AFE07C83-4748-4E7C-B801-24C8BA41B6DF}.Release|Any CPU.Build.0 = Release|Any CPU
		{6948114F-EB7C-43D5-88F2-28EE8CE9430D}.Debug|Any CPU.ActiveCfg = Debug|Any CPU
		{6948114F-EB7C-43D5-88F2-28EE8CE9430D}.Debug|Any CPU.Build.0 = Debug|Any CPU
		{6948114F-EB7C-43D5-88F2-28EE8CE9430D}.Release|Any CPU.ActiveCfg = Release|Any CPU
		{6948114F-EB7C-43D5-88F2-28EE8CE9430D}.Release|Any CPU.Build.0 = Release|Any CPU
	EndGlobalSection
	GlobalSection(SolutionProperties) = preSolution
		HideSolutionNode = FALSE
	EndGlobalSection
EndGlobal
